
Microsoft Visual Studio Solution File, Format Version 12.00
# Visual Studio 2012
Project("{FAE04EC0-301F-11D3-BF4B-00C04F79EFBC}") = "GreetingWebApp", "GreetingWebApp\GreetingWebApp.csproj", "{27ED31C4-E1EA-4E22-9EA3-7F5F46394292}"
EndProject
Global
	GlobalSection(SolutionConfigurationPlatforms) = preSolution
		Debug|Any CPU = Debug|Any CPU
		Release|Any CPU = Release|Any CPU
	EndGlobalSection
	GlobalSection(ProjectConfigurationPlatforms) = postSolution
		{27ED31C4-E1EA-4E22-9EA3-7F5F46394292}.Debug|Any CPU.ActiveCfg = Debug|Any CPU
		{27ED31C4-E1EA-4E22-9EA3-7F5F46394292}.Debug|Any CPU.Build.0 = Debug|Any CPU
		{27ED31C4-E1EA-4E22-9EA3-7F5F46394292}.Release|Any CPU.ActiveCfg = Release|Any CPU
		{27ED31C4-E1EA-4E22-9EA3-7F5F46394292}.Release|Any CPU.Build.0 = Release|Any CPU
	EndGlobalSection
	GlobalSection(SolutionProperties) = preSolution
		HideSolutionNode = FALSE
	EndGlobalSection
EndGlobal
