
Microsoft Visual Studio Solution File, Format Version 12.00
# Visual Studio 2012
Project("{FAE04EC0-301F-11D3-BF4B-00C04F79EFBC}") = "UnitTestingDemo", "UnitTestingDemo\UnitTestingDemo.csproj", "{E3FB6ADF-8E3F-4691-BA39-03F7A1141AD5}"
EndProject
Project("{FAE04EC0-301F-11D3-BF4B-00C04F79EFBC}") = "UnitTestingDemoTests", "UnitTestingDemoTests\UnitTestingDemoTests.csproj", "{BAC1076D-D902-474C-A41A-9C8EBDB9DD90}"
EndProject
Global
	GlobalSection(SolutionConfigurationPlatforms) = preSolution
		Debug|Any CPU = Debug|Any CPU
		Release|Any CPU = Release|Any CPU
	EndGlobalSection
	GlobalSection(ProjectConfigurationPlatforms) = postSolution
		{E3FB6ADF-8E3F-4691-BA39-03F7A1141AD5}.Debug|Any CPU.ActiveCfg = Debug|Any CPU
		{E3FB6ADF-8E3F-4691-BA39-03F7A1141AD5}.Debug|Any CPU.Build.0 = Debug|Any CPU
		{E3FB6ADF-8E3F-4691-BA39-03F7A1141AD5}.Release|Any CPU.ActiveCfg = Release|Any CPU
		{E3FB6ADF-8E3F-4691-BA39-03F7A1141AD5}.Release|Any CPU.Build.0 = Release|Any CPU
		{BAC1076D-D902-474C-A41A-9C8EBDB9DD90}.Debug|Any CPU.ActiveCfg = Debug|Any CPU
		{BAC1076D-D902-474C-A41A-9C8EBDB9DD90}.Debug|Any CPU.Build.0 = Debug|Any CPU
		{BAC1076D-D902-474C-A41A-9C8EBDB9DD90}.Release|Any CPU.ActiveCfg = Release|Any CPU
		{BAC1076D-D902-474C-A41A-9C8EBDB9DD90}.Release|Any CPU.Build.0 = Release|Any CPU
	EndGlobalSection
	GlobalSection(SolutionProperties) = preSolution
		HideSolutionNode = FALSE
	EndGlobalSection
EndGlobal
