
Microsoft Visual Studio Solution File, Format Version 12.00
# Visual Studio 2012
Project("{FAE04EC0-301F-11D3-BF4B-00C04F79EFBC}") = "GreetingMvcApp", "GreetingMvcApp\GreetingMvcApp.csproj", "{21294AD6-A7EC-4D22-B3B9-BDE819A24F4F}"
EndProject
Project("{FAE04EC0-301F-11D3-BF4B-00C04F79EFBC}") = "GreetingMvcAppTests", "GreetingMvcAppTests\GreetingMvcAppTests.csproj", "{3042226D-E138-42AE-AC78-06DCB5662C03}"
EndProject
Global
	GlobalSection(SolutionConfigurationPlatforms) = preSolution
		Debug|Any CPU = Debug|Any CPU
		Release|Any CPU = Release|Any CPU
	EndGlobalSection
	GlobalSection(ProjectConfigurationPlatforms) = postSolution
		{21294AD6-A7EC-4D22-B3B9-BDE819A24F4F}.Debug|Any CPU.ActiveCfg = Debug|Any CPU
		{21294AD6-A7EC-4D22-B3B9-BDE819A24F4F}.Debug|Any CPU.Build.0 = Debug|Any CPU
		{21294AD6-A7EC-4D22-B3B9-BDE819A24F4F}.Release|Any CPU.ActiveCfg = Release|Any CPU
		{21294AD6-A7EC-4D22-B3B9-BDE819A24F4F}.Release|Any CPU.Build.0 = Release|Any CPU
		{3042226D-E138-42AE-AC78-06DCB5662C03}.Debug|Any CPU.ActiveCfg = Debug|Any CPU
		{3042226D-E138-42AE-AC78-06DCB5662C03}.Debug|Any CPU.Build.0 = Debug|Any CPU
		{3042226D-E138-42AE-AC78-06DCB5662C03}.Release|Any CPU.ActiveCfg = Release|Any CPU
		{3042226D-E138-42AE-AC78-06DCB5662C03}.Release|Any CPU.Build.0 = Release|Any CPU
	EndGlobalSection
	GlobalSection(SolutionProperties) = preSolution
		HideSolutionNode = FALSE
	EndGlobalSection
EndGlobal
