
Microsoft Visual Studio Solution File, Format Version 12.00
# Visual Studio 2012
Project("{FAE04EC0-301F-11D3-BF4B-00C04F79EFBC}") = "NewProductsManagement", "NewProductsManagement\NewProductsManagement.csproj", "{01B6AD4A-CE4C-4C13-87E3-F7382A59C350}"
EndProject
Global
	GlobalSection(SolutionConfigurationPlatforms) = preSolution
		Debug|Any CPU = Debug|Any CPU
		Release|Any CPU = Release|Any CPU
	EndGlobalSection
	GlobalSection(ProjectConfigurationPlatforms) = postSolution
		{01B6AD4A-CE4C-4C13-87E3-F7382A59C350}.Debug|Any CPU.ActiveCfg = Debug|Any CPU
		{01B6AD4A-CE4C-4C13-87E3-F7382A59C350}.Debug|Any CPU.Build.0 = Debug|Any CPU
		{01B6AD4A-CE4C-4C13-87E3-F7382A59C350}.Release|Any CPU.ActiveCfg = Release|Any CPU
		{01B6AD4A-CE4C-4C13-87E3-F7382A59C350}.Release|Any CPU.Build.0 = Release|Any CPU
	EndGlobalSection
	GlobalSection(SolutionProperties) = preSolution
		HideSolutionNode = FALSE
	EndGlobalSection
EndGlobal
